// !$*UTF8*$!
{
	archiveVersion = 1;
	classes = {
	};
	objectVersion = 50;
	objects = {

/* Begin PBXBuildFile section */
		7A10B09025A5C4B7008B6142 /* APIManager.m in Sources */ = {isa = PBXBuildFile; fileRef = 7A10B08F25A5C4B7008B6142 /* APIManager.m */; };
		7A1CCC1725C0BDA300D31230 /* Tickets.xcdatamodeld in Sources */ = {isa = PBXBuildFile; fileRef = 7A1CCC1525C0BDA300D31230 /* Tickets.xcdatamodeld */; };
		7A1CCC1D25C0BF8A00D31230 /* FavoriteTicket+CoreDataClass.m in Sources */ = {isa = PBXBuildFile; fileRef = 7A1CCC1B25C0BF8A00D31230 /* FavoriteTicket+CoreDataClass.m */; };
		7A1CCC1E25C0BF8A00D31230 /* FavoriteTicket+CoreDataProperties.m in Sources */ = {isa = PBXBuildFile; fileRef = 7A1CCC1C25C0BF8A00D31230 /* FavoriteTicket+CoreDataProperties.m */; };
		7A1CCC2225C0BFD500D31230 /* CoreDataManager.m in Sources */ = {isa = PBXBuildFile; fileRef = 7A1CCC2125C0BFD500D31230 /* CoreDataManager.m */; };
		7A3DA97925AB5C180011DA97 /* Ticket.m in Sources */ = {isa = PBXBuildFile; fileRef = 7A3DA97825AB5C180011DA97 /* Ticket.m */; };
		7A3DA97E25AB709E0011DA97 /* TicketTableViewCell.m in Sources */ = {isa = PBXBuildFile; fileRef = 7A3DA97D25AB709E0011DA97 /* TicketTableViewCell.m */; };
		7A3DA98725AB7D810011DA97 /* TicketsTableViewController.m in Sources */ = {isa = PBXBuildFile; fileRef = 7A3DA98625AB7D810011DA97 /* TicketsTableViewController.m */; };
		7A4D862F25A06B3900E7C5EB /* PlaceViewController.m in Sources */ = {isa = PBXBuildFile; fileRef = 7A4D862E25A06B3900E7C5EB /* PlaceViewController.m */; };
		7A4D863225A1B76D00E7C5EB /* SearchRequest.h in Sources */ = {isa = PBXBuildFile; fileRef = 7A4D863125A1B76D00E7C5EB /* SearchRequest.h */; };
		7A59624125C35D9900F193D9 /* FavoriteMapPrice+CoreDataClass.m in Sources */ = {isa = PBXBuildFile; fileRef = 7A59623F25C35D9900F193D9 /* FavoriteMapPrice+CoreDataClass.m */; };
		7A59624225C35D9900F193D9 /* FavoriteMapPrice+CoreDataProperties.m in Sources */ = {isa = PBXBuildFile; fileRef = 7A59624025C35D9900F193D9 /* FavoriteMapPrice+CoreDataProperties.m */; };
		7A5D6AFA25B5CED200E71E17 /* MapPrice.m in Sources */ = {isa = PBXBuildFile; fileRef = 7A5D6AF925B5CED200E71E17 /* MapPrice.m */; };
		7A5D6AFE25B5D20F00E71E17 /* LocationManager.m in Sources */ = {isa = PBXBuildFile; fileRef = 7A5D6AFD25B5D20F00E71E17 /* LocationManager.m */; };
		7A5D6B0225B725F300E71E17 /* MapViewController.m in Sources */ = {isa = PBXBuildFile; fileRef = 7A5D6B0125B725F300E71E17 /* MapViewController.m */; };
		7A818D5525C6E130009FAC90 /* PointAnnotationMapPrice.m in Sources */ = {isa = PBXBuildFile; fileRef = 7A818D5425C6E130009FAC90 /* PointAnnotationMapPrice.m */; };
		7A9511AC25CD9860007851AA /* NotificationCenter.m in Sources */ = {isa = PBXBuildFile; fileRef = 7A9511AB25CD9860007851AA /* NotificationCenter.m */; };
		7AA5FD8F2598AA3000C5A6A4 /* AppDelegate.m in Sources */ = {isa = PBXBuildFile; fileRef = 7AA5FD8E2598AA3000C5A6A4 /* AppDelegate.m */; };
		7AA5FD922598AA3000C5A6A4 /* SceneDelegate.m in Sources */ = {isa = PBXBuildFile; fileRef = 7AA5FD912598AA3000C5A6A4 /* SceneDelegate.m */; };
		7AA5FD952598AA3000C5A6A4 /* MainViewController.m in Sources */ = {isa = PBXBuildFile; fileRef = 7AA5FD942598AA3000C5A6A4 /* MainViewController.m */; };
		7AA5FD9A2598AA3000C5A6A4 /* Assets.xcassets in Resources */ = {isa = PBXBuildFile; fileRef = 7AA5FD992598AA3000C5A6A4 /* Assets.xcassets */; };
		7AA5FD9D2598AA3000C5A6A4 /* LaunchScreen.storyboard in Resources */ = {isa = PBXBuildFile; fileRef = 7AA5FD9B2598AA3000C5A6A4 /* LaunchScreen.storyboard */; };
		7AA5FDA02598AA3000C5A6A4 /* main.m in Sources */ = {isa = PBXBuildFile; fileRef = 7AA5FD9F2598AA3000C5A6A4 /* main.m */; };
		7AA5FDB42598AC3F00C5A6A4 /* airports.json in Resources */ = {isa = PBXBuildFile; fileRef = 7AA5FDB12598AC3F00C5A6A4 /* airports.json */; };
		7AA5FDB52598AC3F00C5A6A4 /* cities.json in Resources */ = {isa = PBXBuildFile; fileRef = 7AA5FDB22598AC3F00C5A6A4 /* cities.json */; };
		7AA5FDB62598AC3F00C5A6A4 /* countries.json in Resources */ = {isa = PBXBuildFile; fileRef = 7AA5FDB32598AC3F00C5A6A4 /* countries.json */; };
		7AB55E3425CB3BF8006864DA /* ProgressView.m in Sources */ = {isa = PBXBuildFile; fileRef = 7AB55E3325CB3BF8006864DA /* ProgressView.m */; };
		7AB55E3825CB456A006864DA /* ContentViewController.m in Sources */ = {isa = PBXBuildFile; fileRef = 7AB55E3725CB456A006864DA /* ContentViewController.m */; };
		7AB55E3C25CB4B7D006864DA /* FirstViewController.m in Sources */ = {isa = PBXBuildFile; fileRef = 7AB55E3B25CB4B7C006864DA /* FirstViewController.m */; };
		7ADD265E2598AF3B00051972 /* Airport.m in Sources */ = {isa = PBXBuildFile; fileRef = 7ADD265D2598AF3B00051972 /* Airport.m */; };
		7ADD26622598AF4B00051972 /* City.m in Sources */ = {isa = PBXBuildFile; fileRef = 7ADD26612598AF4B00051972 /* City.m */; };
		7ADD26662598AF5400051972 /* Country.m in Sources */ = {isa = PBXBuildFile; fileRef = 7ADD26652598AF5400051972 /* Country.m */; };
		7ADD266B2598B71800051972 /* DataManager.m in Sources */ = {isa = PBXBuildFile; fileRef = 7ADD266A2598B71800051972 /* DataManager.m */; };
		7AF26D5025BE0962004C9DF3 /* TabBarController.m in Sources */ = {isa = PBXBuildFile; fileRef = 7AF26D4F25BE0962004C9DF3 /* TabBarController.m */; };
/* End PBXBuildFile section */

/* Begin PBXFileReference section */
		7A10B08E25A5C4B7008B6142 /* APIManager.h */ = {isa = PBXFileReference; lastKnownFileType = sourcecode.c.h; path = APIManager.h; sourceTree = "<group>"; };
		7A10B08F25A5C4B7008B6142 /* APIManager.m */ = {isa = PBXFileReference; lastKnownFileType = sourcecode.c.objc; path = APIManager.m; sourceTree = "<group>"; };
		7A1CCC1625C0BDA300D31230 /* Tickets.xcdatamodel */ = {isa = PBXFileReference; lastKnownFileType = wrapper.xcdatamodel; path = Tickets.xcdatamodel; sourceTree = "<group>"; };
		7A1CCC1925C0BF8A00D31230 /* FavoriteTicket+CoreDataProperties.h */ = {isa = PBXFileReference; lastKnownFileType = sourcecode.c.h; path = "FavoriteTicket+CoreDataProperties.h"; sourceTree = "<group>"; };
		7A1CCC1A25C0BF8A00D31230 /* FavoriteTicket+CoreDataClass.h */ = {isa = PBXFileReference; lastKnownFileType = sourcecode.c.h; path = "FavoriteTicket+CoreDataClass.h"; sourceTree = "<group>"; };
		7A1CCC1B25C0BF8A00D31230 /* FavoriteTicket+CoreDataClass.m */ = {isa = PBXFileReference; lastKnownFileType = sourcecode.c.objc; path = "FavoriteTicket+CoreDataClass.m"; sourceTree = "<group>"; };
		7A1CCC1C25C0BF8A00D31230 /* FavoriteTicket+CoreDataProperties.m */ = {isa = PBXFileReference; lastKnownFileType = sourcecode.c.objc; path = "FavoriteTicket+CoreDataProperties.m"; sourceTree = "<group>"; };
		7A1CCC2025C0BFD500D31230 /* CoreDataManager.h */ = {isa = PBXFileReference; lastKnownFileType = sourcecode.c.h; path = CoreDataManager.h; sourceTree = "<group>"; };
		7A1CCC2125C0BFD500D31230 /* CoreDataManager.m */ = {isa = PBXFileReference; lastKnownFileType = sourcecode.c.objc; path = CoreDataManager.m; sourceTree = "<group>"; };
		7A3DA97725AB5C180011DA97 /* Ticket.h */ = {isa = PBXFileReference; lastKnownFileType = sourcecode.c.h; path = Ticket.h; sourceTree = "<group>"; };
		7A3DA97825AB5C180011DA97 /* Ticket.m */ = {isa = PBXFileReference; lastKnownFileType = sourcecode.c.objc; path = Ticket.m; sourceTree = "<group>"; };
		7A3DA97C25AB709E0011DA97 /* TicketTableViewCell.h */ = {isa = PBXFileReference; lastKnownFileType = sourcecode.c.h; path = TicketTableViewCell.h; sourceTree = "<group>"; };
		7A3DA97D25AB709E0011DA97 /* TicketTableViewCell.m */ = {isa = PBXFileReference; lastKnownFileType = sourcecode.c.objc; path = TicketTableViewCell.m; sourceTree = "<group>"; };
		7A3DA98525AB7D810011DA97 /* TicketsTableViewController.h */ = {isa = PBXFileReference; lastKnownFileType = sourcecode.c.h; path = TicketsTableViewController.h; sourceTree = "<group>"; };
		7A3DA98625AB7D810011DA97 /* TicketsTableViewController.m */ = {isa = PBXFileReference; lastKnownFileType = sourcecode.c.objc; path = TicketsTableViewController.m; sourceTree = "<group>"; };
		7A4D862D25A06B3900E7C5EB /* PlaceViewController.h */ = {isa = PBXFileReference; lastKnownFileType = sourcecode.c.h; path = PlaceViewController.h; sourceTree = "<group>"; };
		7A4D862E25A06B3900E7C5EB /* PlaceViewController.m */ = {isa = PBXFileReference; lastKnownFileType = sourcecode.c.objc; path = PlaceViewController.m; sourceTree = "<group>"; };
		7A4D863125A1B76D00E7C5EB /* SearchRequest.h */ = {isa = PBXFileReference; lastKnownFileType = sourcecode.c.h; path = SearchRequest.h; sourceTree = "<group>"; };
		7A59623D25C35D9900F193D9 /* FavoriteMapPrice+CoreDataProperties.h */ = {isa = PBXFileReference; lastKnownFileType = sourcecode.c.h; path = "FavoriteMapPrice+CoreDataProperties.h"; sourceTree = "<group>"; };
		7A59623E25C35D9900F193D9 /* FavoriteMapPrice+CoreDataClass.h */ = {isa = PBXFileReference; lastKnownFileType = sourcecode.c.h; path = "FavoriteMapPrice+CoreDataClass.h"; sourceTree = "<group>"; };
		7A59623F25C35D9900F193D9 /* FavoriteMapPrice+CoreDataClass.m */ = {isa = PBXFileReference; lastKnownFileType = sourcecode.c.objc; path = "FavoriteMapPrice+CoreDataClass.m"; sourceTree = "<group>"; };
		7A59624025C35D9900F193D9 /* FavoriteMapPrice+CoreDataProperties.m */ = {isa = PBXFileReference; lastKnownFileType = sourcecode.c.objc; path = "FavoriteMapPrice+CoreDataProperties.m"; sourceTree = "<group>"; };
		7A5D6AF825B5CED200E71E17 /* MapPrice.h */ = {isa = PBXFileReference; lastKnownFileType = sourcecode.c.h; path = MapPrice.h; sourceTree = "<group>"; };
		7A5D6AF925B5CED200E71E17 /* MapPrice.m */ = {isa = PBXFileReference; lastKnownFileType = sourcecode.c.objc; path = MapPrice.m; sourceTree = "<group>"; };
		7A5D6AFC25B5D20F00E71E17 /* LocationManager.h */ = {isa = PBXFileReference; lastKnownFileType = sourcecode.c.h; path = LocationManager.h; sourceTree = "<group>"; };
		7A5D6AFD25B5D20F00E71E17 /* LocationManager.m */ = {isa = PBXFileReference; lastKnownFileType = sourcecode.c.objc; path = LocationManager.m; sourceTree = "<group>"; };
		7A5D6B0025B725F300E71E17 /* MapViewController.h */ = {isa = PBXFileReference; lastKnownFileType = sourcecode.c.h; path = MapViewController.h; sourceTree = "<group>"; };
		7A5D6B0125B725F300E71E17 /* MapViewController.m */ = {isa = PBXFileReference; lastKnownFileType = sourcecode.c.objc; path = MapViewController.m; sourceTree = "<group>"; };
		7A818D5325C6E130009FAC90 /* PointAnnotationMapPrice.h */ = {isa = PBXFileReference; lastKnownFileType = sourcecode.c.h; path = PointAnnotationMapPrice.h; sourceTree = "<group>"; };
		7A818D5425C6E130009FAC90 /* PointAnnotationMapPrice.m */ = {isa = PBXFileReference; lastKnownFileType = sourcecode.c.objc; path = PointAnnotationMapPrice.m; sourceTree = "<group>"; };
		7A9511AA25CD9860007851AA /* NotificationCenter.h */ = {isa = PBXFileReference; lastKnownFileType = sourcecode.c.h; path = NotificationCenter.h; sourceTree = "<group>"; };
		7A9511AB25CD9860007851AA /* NotificationCenter.m */ = {isa = PBXFileReference; lastKnownFileType = sourcecode.c.objc; path = NotificationCenter.m; sourceTree = "<group>"; };
		7AA5FD8A2598AA3000C5A6A4 /* Avia Tickets.app */ = {isa = PBXFileReference; explicitFileType = wrapper.application; includeInIndex = 0; path = "Avia Tickets.app"; sourceTree = BUILT_PRODUCTS_DIR; };
		7AA5FD8D2598AA3000C5A6A4 /* AppDelegate.h */ = {isa = PBXFileReference; lastKnownFileType = sourcecode.c.h; path = AppDelegate.h; sourceTree = "<group>"; };
		7AA5FD8E2598AA3000C5A6A4 /* AppDelegate.m */ = {isa = PBXFileReference; lastKnownFileType = sourcecode.c.objc; path = AppDelegate.m; sourceTree = "<group>"; };
		7AA5FD902598AA3000C5A6A4 /* SceneDelegate.h */ = {isa = PBXFileReference; lastKnownFileType = sourcecode.c.h; path = SceneDelegate.h; sourceTree = "<group>"; };
		7AA5FD912598AA3000C5A6A4 /* SceneDelegate.m */ = {isa = PBXFileReference; lastKnownFileType = sourcecode.c.objc; path = SceneDelegate.m; sourceTree = "<group>"; };
		7AA5FD932598AA3000C5A6A4 /* MainViewController.h */ = {isa = PBXFileReference; lastKnownFileType = sourcecode.c.h; path = MainViewController.h; sourceTree = "<group>"; };
		7AA5FD942598AA3000C5A6A4 /* MainViewController.m */ = {isa = PBXFileReference; lastKnownFileType = sourcecode.c.objc; path = MainViewController.m; sourceTree = "<group>"; };
		7AA5FD992598AA3000C5A6A4 /* Assets.xcassets */ = {isa = PBXFileReference; lastKnownFileType = folder.assetcatalog; path = Assets.xcassets; sourceTree = "<group>"; };
		7AA5FD9C2598AA3000C5A6A4 /* Base */ = {isa = PBXFileReference; lastKnownFileType = file.storyboard; name = Base; path = Base.lproj/LaunchScreen.storyboard; sourceTree = "<group>"; };
		7AA5FD9E2598AA3000C5A6A4 /* Info.plist */ = {isa = PBXFileReference; lastKnownFileType = text.plist.xml; path = Info.plist; sourceTree = "<group>"; };
		7AA5FD9F2598AA3000C5A6A4 /* main.m */ = {isa = PBXFileReference; lastKnownFileType = sourcecode.c.objc; path = main.m; sourceTree = "<group>"; };
		7AA5FDB12598AC3F00C5A6A4 /* airports.json */ = {isa = PBXFileReference; fileEncoding = 4; lastKnownFileType = text.json; path = airports.json; sourceTree = "<group>"; };
		7AA5FDB22598AC3F00C5A6A4 /* cities.json */ = {isa = PBXFileReference; fileEncoding = 4; lastKnownFileType = text.json; path = cities.json; sourceTree = "<group>"; };
		7AA5FDB32598AC3F00C5A6A4 /* countries.json */ = {isa = PBXFileReference; fileEncoding = 4; lastKnownFileType = text.json; path = countries.json; sourceTree = "<group>"; };
		7AB55E3225CB3BF8006864DA /* ProgressView.h */ = {isa = PBXFileReference; lastKnownFileType = sourcecode.c.h; path = ProgressView.h; sourceTree = "<group>"; };
		7AB55E3325CB3BF8006864DA /* ProgressView.m */ = {isa = PBXFileReference; lastKnownFileType = sourcecode.c.objc; path = ProgressView.m; sourceTree = "<group>"; };
		7AB55E3625CB456A006864DA /* ContentViewController.h */ = {isa = PBXFileReference; lastKnownFileType = sourcecode.c.h; path = ContentViewController.h; sourceTree = "<group>"; };
		7AB55E3725CB456A006864DA /* ContentViewController.m */ = {isa = PBXFileReference; lastKnownFileType = sourcecode.c.objc; path = ContentViewController.m; sourceTree = "<group>"; };
		7AB55E3A25CB4B7C006864DA /* FirstViewController.h */ = {isa = PBXFileReference; lastKnownFileType = sourcecode.c.h; path = FirstViewController.h; sourceTree = "<group>"; };
		7AB55E3B25CB4B7C006864DA /* FirstViewController.m */ = {isa = PBXFileReference; lastKnownFileType = sourcecode.c.objc; path = FirstViewController.m; sourceTree = "<group>"; };
		7ADD265C2598AF3B00051972 /* Airport.h */ = {isa = PBXFileReference; lastKnownFileType = sourcecode.c.h; path = Airport.h; sourceTree = "<group>"; };
		7ADD265D2598AF3B00051972 /* Airport.m */ = {isa = PBXFileReference; lastKnownFileType = sourcecode.c.objc; path = Airport.m; sourceTree = "<group>"; };
		7ADD26602598AF4B00051972 /* City.h */ = {isa = PBXFileReference; lastKnownFileType = sourcecode.c.h; path = City.h; sourceTree = "<group>"; };
		7ADD26612598AF4B00051972 /* City.m */ = {isa = PBXFileReference; lastKnownFileType = sourcecode.c.objc; path = City.m; sourceTree = "<group>"; };
		7ADD26642598AF5400051972 /* Country.h */ = {isa = PBXFileReference; lastKnownFileType = sourcecode.c.h; path = Country.h; sourceTree = "<group>"; };
		7ADD26652598AF5400051972 /* Country.m */ = {isa = PBXFileReference; lastKnownFileType = sourcecode.c.objc; path = Country.m; sourceTree = "<group>"; };
		7ADD26692598B71800051972 /* DataManager.h */ = {isa = PBXFileReference; lastKnownFileType = sourcecode.c.h; path = DataManager.h; sourceTree = "<group>"; };
		7ADD266A2598B71800051972 /* DataManager.m */ = {isa = PBXFileReference; lastKnownFileType = sourcecode.c.objc; path = DataManager.m; sourceTree = "<group>"; };
		7AF26D4E25BE0962004C9DF3 /* TabBarController.h */ = {isa = PBXFileReference; lastKnownFileType = sourcecode.c.h; path = TabBarController.h; sourceTree = "<group>"; };
		7AF26D4F25BE0962004C9DF3 /* TabBarController.m */ = {isa = PBXFileReference; lastKnownFileType = sourcecode.c.objc; path = TabBarController.m; sourceTree = "<group>"; };
/* End PBXFileReference section */

/* Begin PBXFrameworksBuildPhase section */
		7AA5FD872598AA3000C5A6A4 /* Frameworks */ = {
			isa = PBXFrameworksBuildPhase;
			buildActionMask = 2147483647;
			files = (
			);
			runOnlyForDeploymentPostprocessing = 0;
		};
/* End PBXFrameworksBuildPhase section */

/* Begin PBXGroup section */
		7A1CCC1425C0BD8000D31230 /* Database */ = {
			isa = PBXGroup;
			children = (
				7A59624425C35DAD00F193D9 /* Favorite Map Price */,
				7A59624625C35DB800F193D9 /* Favorite Ticket */,
				7A1CCC1525C0BDA300D31230 /* Tickets.xcdatamodeld */,
			);
			path = Database;
			sourceTree = "<group>";
		};
		7A3DA97B25AB707A0011DA97 /* Cell */ = {
			isa = PBXGroup;
			children = (
				7A3DA97C25AB709E0011DA97 /* TicketTableViewCell.h */,
				7A3DA97D25AB709E0011DA97 /* TicketTableViewCell.m */,
			);
			path = Cell;
			sourceTree = "<group>";
		};
		7A59624425C35DAD00F193D9 /* Favorite Map Price */ = {
			isa = PBXGroup;
			children = (
				7A59623E25C35D9900F193D9 /* FavoriteMapPrice+CoreDataClass.h */,
				7A59623F25C35D9900F193D9 /* FavoriteMapPrice+CoreDataClass.m */,
				7A59623D25C35D9900F193D9 /* FavoriteMapPrice+CoreDataProperties.h */,
				7A59624025C35D9900F193D9 /* FavoriteMapPrice+CoreDataProperties.m */,
			);
			path = "Favorite Map Price";
			sourceTree = "<group>";
		};
		7A59624625C35DB800F193D9 /* Favorite Ticket */ = {
			isa = PBXGroup;
			children = (
				7A1CCC1A25C0BF8A00D31230 /* FavoriteTicket+CoreDataClass.h */,
				7A1CCC1B25C0BF8A00D31230 /* FavoriteTicket+CoreDataClass.m */,
				7A1CCC1925C0BF8A00D31230 /* FavoriteTicket+CoreDataProperties.h */,
				7A1CCC1C25C0BF8A00D31230 /* FavoriteTicket+CoreDataProperties.m */,
			);
			path = "Favorite Ticket";
			sourceTree = "<group>";
		};
		7A818D5125C6DBE1009FAC90 /* Views */ = {
			isa = PBXGroup;
			children = (
				7A818D5325C6E130009FAC90 /* PointAnnotationMapPrice.h */,
				7A818D5425C6E130009FAC90 /* PointAnnotationMapPrice.m */,
				7AB55E3225CB3BF8006864DA /* ProgressView.h */,
				7AB55E3325CB3BF8006864DA /* ProgressView.m */,
			);
			path = Views;
			sourceTree = "<group>";
		};
		7AA5FD812598AA3000C5A6A4 = {
			isa = PBXGroup;
			children = (
				7AA5FD8C2598AA3000C5A6A4 /* Avia Tickets */,
				7AA5FD8B2598AA3000C5A6A4 /* Products */,
			);
			sourceTree = "<group>";
		};
		7AA5FD8B2598AA3000C5A6A4 /* Products */ = {
			isa = PBXGroup;
			children = (
				7AA5FD8A2598AA3000C5A6A4 /* Avia Tickets.app */,
			);
			name = Products;
			sourceTree = "<group>";
		};
		7AA5FD8C2598AA3000C5A6A4 /* Avia Tickets */ = {
			isa = PBXGroup;
			children = (
				7AA5FDA92598AA7200C5A6A4 /* AppDelegate */,
				7AA5FDAB2598AA7B00C5A6A4 /* SceneDelegate */,
				7AA5FDAD2598AA8700C5A6A4 /* ViewControllers */,
				7A3DA97B25AB707A0011DA97 /* Cell */,
				7A818D5125C6DBE1009FAC90 /* Views */,
				7ADD265B2598AC8400051972 /* Models */,
				7ADD26682598B6F500051972 /* Managers */,
				7A1CCC1425C0BD8000D31230 /* Database */,
				7AA5FD9B2598AA3000C5A6A4 /* LaunchScreen.storyboard */,
				7AA5FD9E2598AA3000C5A6A4 /* Info.plist */,
				7AA5FD9F2598AA3000C5A6A4 /* main.m */,
				7AA5FDB02598ABC600C5A6A4 /* Resources */,
				7AA5FD992598AA3000C5A6A4 /* Assets.xcassets */,
			);
			path = "Avia Tickets";
			sourceTree = "<group>";
		};
		7AA5FDA92598AA7200C5A6A4 /* AppDelegate */ = {
			isa = PBXGroup;
			children = (
				7AA5FD8D2598AA3000C5A6A4 /* AppDelegate.h */,
				7AA5FD8E2598AA3000C5A6A4 /* AppDelegate.m */,
			);
			path = AppDelegate;
			sourceTree = "<group>";
		};
		7AA5FDAB2598AA7B00C5A6A4 /* SceneDelegate */ = {
			isa = PBXGroup;
			children = (
				7AA5FD902598AA3000C5A6A4 /* SceneDelegate.h */,
				7AA5FD912598AA3000C5A6A4 /* SceneDelegate.m */,
			);
			path = SceneDelegate;
			sourceTree = "<group>";
		};
		7AA5FDAD2598AA8700C5A6A4 /* ViewControllers */ = {
			isa = PBXGroup;
			children = (
				7AA5FD932598AA3000C5A6A4 /* MainViewController.h */,
				7AA5FD942598AA3000C5A6A4 /* MainViewController.m */,
				7A4D862D25A06B3900E7C5EB /* PlaceViewController.h */,
				7A4D862E25A06B3900E7C5EB /* PlaceViewController.m */,
				7A3DA98525AB7D810011DA97 /* TicketsTableViewController.h */,
				7A3DA98625AB7D810011DA97 /* TicketsTableViewController.m */,
				7A5D6B0025B725F300E71E17 /* MapViewController.h */,
				7A5D6B0125B725F300E71E17 /* MapViewController.m */,
				7AF26D4E25BE0962004C9DF3 /* TabBarController.h */,
				7AF26D4F25BE0962004C9DF3 /* TabBarController.m */,
				7AB55E3625CB456A006864DA /* ContentViewController.h */,
				7AB55E3725CB456A006864DA /* ContentViewController.m */,
				7AB55E3A25CB4B7C006864DA /* FirstViewController.h */,
				7AB55E3B25CB4B7C006864DA /* FirstViewController.m */,
			);
			path = ViewControllers;
			sourceTree = "<group>";
		};
		7AA5FDB02598ABC600C5A6A4 /* Resources */ = {
			isa = PBXGroup;
			children = (
				7AA5FDB12598AC3F00C5A6A4 /* airports.json */,
				7AA5FDB22598AC3F00C5A6A4 /* cities.json */,
				7AA5FDB32598AC3F00C5A6A4 /* countries.json */,
			);
			path = Resources;
			sourceTree = "<group>";
		};
		7ADD265B2598AC8400051972 /* Models */ = {
			isa = PBXGroup;
			children = (
				7A4D863125A1B76D00E7C5EB /* SearchRequest.h */,
				7ADD265C2598AF3B00051972 /* Airport.h */,
				7ADD265D2598AF3B00051972 /* Airport.m */,
				7ADD26602598AF4B00051972 /* City.h */,
				7ADD26612598AF4B00051972 /* City.m */,
				7ADD26642598AF5400051972 /* Country.h */,
				7ADD26652598AF5400051972 /* Country.m */,
				7A3DA97725AB5C180011DA97 /* Ticket.h */,
				7A3DA97825AB5C180011DA97 /* Ticket.m */,
				7A5D6AF825B5CED200E71E17 /* MapPrice.h */,
				7A5D6AF925B5CED200E71E17 /* MapPrice.m */,
			);
			path = Models;
			sourceTree = "<group>";
		};
		7ADD26682598B6F500051972 /* Managers */ = {
			isa = PBXGroup;
			children = (
				7ADD26692598B71800051972 /* DataManager.h */,
				7ADD266A2598B71800051972 /* DataManager.m */,
				7A10B08E25A5C4B7008B6142 /* APIManager.h */,
				7A10B08F25A5C4B7008B6142 /* APIManager.m */,
				7A5D6AFC25B5D20F00E71E17 /* LocationManager.h */,
				7A5D6AFD25B5D20F00E71E17 /* LocationManager.m */,
				7A1CCC2025C0BFD500D31230 /* CoreDataManager.h */,
				7A1CCC2125C0BFD500D31230 /* CoreDataManager.m */,
				7A9511AA25CD9860007851AA /* NotificationCenter.h */,
				7A9511AB25CD9860007851AA /* NotificationCenter.m */,
			);
			path = Managers;
			sourceTree = "<group>";
		};
/* End PBXGroup section */

/* Begin PBXNativeTarget section */
		7AA5FD892598AA3000C5A6A4 /* Avia Tickets */ = {
			isa = PBXNativeTarget;
			buildConfigurationList = 7AA5FDA32598AA3000C5A6A4 /* Build configuration list for PBXNativeTarget "Avia Tickets" */;
			buildPhases = (
				7AA5FD862598AA3000C5A6A4 /* Sources */,
				7AA5FD872598AA3000C5A6A4 /* Frameworks */,
				7AA5FD882598AA3000C5A6A4 /* Resources */,
			);
			buildRules = (
			);
			dependencies = (
			);
			name = "Avia Tickets";
			productName = "Avia Tickets";
			productReference = 7AA5FD8A2598AA3000C5A6A4 /* Avia Tickets.app */;
			productType = "com.apple.product-type.application";
		};
/* End PBXNativeTarget section */

/* Begin PBXProject section */
		7AA5FD822598AA3000C5A6A4 /* Project object */ = {
			isa = PBXProject;
			attributes = {
				LastUpgradeCheck = 1230;
				TargetAttributes = {
					7AA5FD892598AA3000C5A6A4 = {
						CreatedOnToolsVersion = 12.3;
					};
				};
			};
			buildConfigurationList = 7AA5FD852598AA3000C5A6A4 /* Build configuration list for PBXProject "Avia Tickets" */;
			compatibilityVersion = "Xcode 9.3";
			developmentRegion = en;
			hasScannedForEncodings = 0;
			knownRegions = (
				en,
				Base,
			);
			mainGroup = 7AA5FD812598AA3000C5A6A4;
			productRefGroup = 7AA5FD8B2598AA3000C5A6A4 /* Products */;
			projectDirPath = "";
			projectRoot = "";
			targets = (
				7AA5FD892598AA3000C5A6A4 /* Avia Tickets */,
			);
		};
/* End PBXProject section */

/* Begin PBXResourcesBuildPhase section */
		7AA5FD882598AA3000C5A6A4 /* Resources */ = {
			isa = PBXResourcesBuildPhase;
			buildActionMask = 2147483647;
			files = (
				7AA5FDB52598AC3F00C5A6A4 /* cities.json in Resources */,
				7AA5FD9D2598AA3000C5A6A4 /* LaunchScreen.storyboard in Resources */,
				7AA5FD9A2598AA3000C5A6A4 /* Assets.xcassets in Resources */,
				7AA5FDB62598AC3F00C5A6A4 /* countries.json in Resources */,
				7AA5FDB42598AC3F00C5A6A4 /* airports.json in Resources */,
			);
			runOnlyForDeploymentPostprocessing = 0;
		};
/* End PBXResourcesBuildPhase section */

/* Begin PBXSourcesBuildPhase section */
		7AA5FD862598AA3000C5A6A4 /* Sources */ = {
			isa = PBXSourcesBuildPhase;
			buildActionMask = 2147483647;
			files = (
				7A5D6AFE25B5D20F00E71E17 /* LocationManager.m in Sources */,
				7A1CCC1D25C0BF8A00D31230 /* FavoriteTicket+CoreDataClass.m in Sources */,
				7AB55E3825CB456A006864DA /* ContentViewController.m in Sources */,
				7A4D862F25A06B3900E7C5EB /* PlaceViewController.m in Sources */,
				7ADD26662598AF5400051972 /* Country.m in Sources */,
				7AF26D5025BE0962004C9DF3 /* TabBarController.m in Sources */,
				7AA5FD952598AA3000C5A6A4 /* MainViewController.m in Sources */,
				7A3DA97E25AB709E0011DA97 /* TicketTableViewCell.m in Sources */,
				7ADD265E2598AF3B00051972 /* Airport.m in Sources */,
				7ADD26622598AF4B00051972 /* City.m in Sources */,
				7A1CCC1E25C0BF8A00D31230 /* FavoriteTicket+CoreDataProperties.m in Sources */,
				7AA5FD8F2598AA3000C5A6A4 /* AppDelegate.m in Sources */,
				7A818D5525C6E130009FAC90 /* PointAnnotationMapPrice.m in Sources */,
				7ADD266B2598B71800051972 /* DataManager.m in Sources */,
				7A59624125C35D9900F193D9 /* FavoriteMapPrice+CoreDataClass.m in Sources */,
				7A4D863225A1B76D00E7C5EB /* SearchRequest.h in Sources */,
				7A5D6AFA25B5CED200E71E17 /* MapPrice.m in Sources */,
				7A3DA98725AB7D810011DA97 /* TicketsTableViewController.m in Sources */,
				7A1CCC1725C0BDA300D31230 /* Tickets.xcdatamodeld in Sources */,
				7A1CCC2225C0BFD500D31230 /* CoreDataManager.m in Sources */,
				7AA5FDA02598AA3000C5A6A4 /* main.m in Sources */,
				7AA5FD922598AA3000C5A6A4 /* SceneDelegate.m in Sources */,
				7A59624225C35D9900F193D9 /* FavoriteMapPrice+CoreDataProperties.m in Sources */,
				7AB55E3C25CB4B7D006864DA /* FirstViewController.m in Sources */,
				7A9511AC25CD9860007851AA /* NotificationCenter.m in Sources */,
				7A10B09025A5C4B7008B6142 /* APIManager.m in Sources */,
				7A5D6B0225B725F300E71E17 /* MapViewController.m in Sources */,
				7A3DA97925AB5C180011DA97 /* Ticket.m in Sources */,
				7AB55E3425CB3BF8006864DA /* ProgressView.m in Sources */,
			);
			runOnlyForDeploymentPostprocessing = 0;
		};
/* End PBXSourcesBuildPhase section */

/* Begin PBXVariantGroup section */
		7AA5FD9B2598AA3000C5A6A4 /* LaunchScreen.storyboard */ = {
			isa = PBXVariantGroup;
			children = (
				7AA5FD9C2598AA3000C5A6A4 /* Base */,
			);
			name = LaunchScreen.storyboard;
			sourceTree = "<group>";
		};
/* End PBXVariantGroup section */

/* Begin XCBuildConfiguration section */
		7AA5FDA12598AA3000C5A6A4 /* Debug */ = {
			isa = XCBuildConfiguration;
			buildSettings = {
				ALWAYS_SEARCH_USER_PATHS = NO;
				CLANG_ANALYZER_NONNULL = YES;
				CLANG_ANALYZER_NUMBER_OBJECT_CONVERSION = YES_AGGRESSIVE;
				CLANG_CXX_LANGUAGE_STANDARD = "gnu++14";
				CLANG_CXX_LIBRARY = "libc++";
				CLANG_ENABLE_MODULES = YES;
				CLANG_ENABLE_OBJC_ARC = YES;
				CLANG_ENABLE_OBJC_WEAK = YES;
				CLANG_WARN_BLOCK_CAPTURE_AUTORELEASING = YES;
				CLANG_WARN_BOOL_CONVERSION = YES;
				CLANG_WARN_COMMA = YES;
				CLANG_WARN_CONSTANT_CONVERSION = YES;
				CLANG_WARN_DEPRECATED_OBJC_IMPLEMENTATIONS = YES;
				CLANG_WARN_DIRECT_OBJC_ISA_USAGE = YES_ERROR;
				CLANG_WARN_DOCUMENTATION_COMMENTS = YES;
				CLANG_WARN_EMPTY_BODY = YES;
				CLANG_WARN_ENUM_CONVERSION = YES;
				CLANG_WARN_INFINITE_RECURSION = YES;
				CLANG_WARN_INT_CONVERSION = YES;
				CLANG_WARN_NON_LITERAL_NULL_CONVERSION = YES;
				CLANG_WARN_OBJC_IMPLICIT_RETAIN_SELF = YES;
				CLANG_WARN_OBJC_LITERAL_CONVERSION = YES;
				CLANG_WARN_OBJC_ROOT_CLASS = YES_ERROR;
				CLANG_WARN_QUOTED_INCLUDE_IN_FRAMEWORK_HEADER = YES;
				CLANG_WARN_RANGE_LOOP_ANALYSIS = YES;
				CLANG_WARN_STRICT_PROTOTYPES = YES;
				CLANG_WARN_SUSPICIOUS_MOVE = YES;
				CLANG_WARN_UNGUARDED_AVAILABILITY = YES_AGGRESSIVE;
				CLANG_WARN_UNREACHABLE_CODE = YES;
				CLANG_WARN__DUPLICATE_METHOD_MATCH = YES;
				COPY_PHASE_STRIP = NO;
				DEBUG_INFORMATION_FORMAT = dwarf;
				ENABLE_STRICT_OBJC_MSGSEND = YES;
				ENABLE_TESTABILITY = YES;
				GCC_C_LANGUAGE_STANDARD = gnu11;
				GCC_DYNAMIC_NO_PIC = NO;
				GCC_NO_COMMON_BLOCKS = YES;
				GCC_OPTIMIZATION_LEVEL = 0;
				GCC_PREPROCESSOR_DEFINITIONS = (
					"DEBUG=1",
					"$(inherited)",
				);
				GCC_WARN_64_TO_32_BIT_CONVERSION = YES;
				GCC_WARN_ABOUT_RETURN_TYPE = YES_ERROR;
				GCC_WARN_UNDECLARED_SELECTOR = YES;
				GCC_WARN_UNINITIALIZED_AUTOS = YES_AGGRESSIVE;
				GCC_WARN_UNUSED_FUNCTION = YES;
				GCC_WARN_UNUSED_VARIABLE = YES;
				IPHONEOS_DEPLOYMENT_TARGET = 14.3;
				MTL_ENABLE_DEBUG_INFO = INCLUDE_SOURCE;
				MTL_FAST_MATH = YES;
				ONLY_ACTIVE_ARCH = YES;
				SDKROOT = iphoneos;
			};
			name = Debug;
		};
		7AA5FDA22598AA3000C5A6A4 /* Release */ = {
			isa = XCBuildConfiguration;
			buildSettings = {
				ALWAYS_SEARCH_USER_PATHS = NO;
				CLANG_ANALYZER_NONNULL = YES;
				CLANG_ANALYZER_NUMBER_OBJECT_CONVERSION = YES_AGGRESSIVE;
				CLANG_CXX_LANGUAGE_STANDARD = "gnu++14";
				CLANG_CXX_LIBRARY = "libc++";
				CLANG_ENABLE_MODULES = YES;
				CLANG_ENABLE_OBJC_ARC = YES;
				CLANG_ENABLE_OBJC_WEAK = YES;
				CLANG_WARN_BLOCK_CAPTURE_AUTORELEASING = YES;
				CLANG_WARN_BOOL_CONVERSION = YES;
				CLANG_WARN_COMMA = YES;
				CLANG_WARN_CONSTANT_CONVERSION = YES;
				CLANG_WARN_DEPRECATED_OBJC_IMPLEMENTATIONS = YES;
				CLANG_WARN_DIRECT_OBJC_ISA_USAGE = YES_ERROR;
				CLANG_WARN_DOCUMENTATION_COMMENTS = YES;
				CLANG_WARN_EMPTY_BODY = YES;
				CLANG_WARN_ENUM_CONVERSION = YES;
				CLANG_WARN_INFINITE_RECURSION = YES;
				CLANG_WARN_INT_CONVERSION = YES;
				CLANG_WARN_NON_LITERAL_NULL_CONVERSION = YES;
				CLANG_WARN_OBJC_IMPLICIT_RETAIN_SELF = YES;
				CLANG_WARN_OBJC_LITERAL_CONVERSION = YES;
				CLANG_WARN_OBJC_ROOT_CLASS = YES_ERROR;
				CLANG_WARN_QUOTED_INCLUDE_IN_FRAMEWORK_HEADER = YES;
				CLANG_WARN_RANGE_LOOP_ANALYSIS = YES;
				CLANG_WARN_STRICT_PROTOTYPES = YES;
				CLANG_WARN_SUSPICIOUS_MOVE = YES;
				CLANG_WARN_UNGUARDED_AVAILABILITY = YES_AGGRESSIVE;
				CLANG_WARN_UNREACHABLE_CODE = YES;
				CLANG_WARN__DUPLICATE_METHOD_MATCH = YES;
				COPY_PHASE_STRIP = NO;
				DEBUG_INFORMATION_FORMAT = "dwarf-with-dsym";
				ENABLE_NS_ASSERTIONS = NO;
				ENABLE_STRICT_OBJC_MSGSEND = YES;
				GCC_C_LANGUAGE_STANDARD = gnu11;
				GCC_NO_COMMON_BLOCKS = YES;
				GCC_WARN_64_TO_32_BIT_CONVERSION = YES;
				GCC_WARN_ABOUT_RETURN_TYPE = YES_ERROR;
				GCC_WARN_UNDECLARED_SELECTOR = YES;
				GCC_WARN_UNINITIALIZED_AUTOS = YES_AGGRESSIVE;
				GCC_WARN_UNUSED_FUNCTION = YES;
				GCC_WARN_UNUSED_VARIABLE = YES;
				IPHONEOS_DEPLOYMENT_TARGET = 14.3;
				MTL_ENABLE_DEBUG_INFO = NO;
				MTL_FAST_MATH = YES;
				SDKROOT = iphoneos;
				VALIDATE_PRODUCT = YES;
			};
			name = Release;
		};
		7AA5FDA42598AA3000C5A6A4 /* Debug */ = {
			isa = XCBuildConfiguration;
			buildSettings = {
				ASSETCATALOG_COMPILER_APPICON_NAME = AppIcon;
				ASSETCATALOG_COMPILER_GLOBAL_ACCENT_COLOR_NAME = AccentColor;
				CODE_SIGN_STYLE = Automatic;
				DEVELOPMENT_TEAM = LA6FA5G5XC;
				INFOPLIST_FILE = "Avia Tickets/Info.plist";
				LD_RUNPATH_SEARCH_PATHS = (
					"$(inherited)",
					"@executable_path/Frameworks",
				);
				PRODUCT_BUNDLE_IDENTIFIER = "Aksilont.Avia-Tickets";
				PRODUCT_NAME = "$(TARGET_NAME)";
				TARGETED_DEVICE_FAMILY = "1,2";
			};
			name = Debug;
		};
		7AA5FDA52598AA3000C5A6A4 /* Release */ = {
			isa = XCBuildConfiguration;
			buildSettings = {
				ASSETCATALOG_COMPILER_APPICON_NAME = AppIcon;
				ASSETCATALOG_COMPILER_GLOBAL_ACCENT_COLOR_NAME = AccentColor;
				CODE_SIGN_STYLE = Automatic;
				DEVELOPMENT_TEAM = LA6FA5G5XC;
				INFOPLIST_FILE = "Avia Tickets/Info.plist";
				LD_RUNPATH_SEARCH_PATHS = (
					"$(inherited)",
					"@executable_path/Frameworks",
				);
				PRODUCT_BUNDLE_IDENTIFIER = "Aksilont.Avia-Tickets";
				PRODUCT_NAME = "$(TARGET_NAME)";
				TARGETED_DEVICE_FAMILY = "1,2";
			};
			name = Release;
		};
/* End XCBuildConfiguration section */

/* Begin XCConfigurationList section */
		7AA5FD852598AA3000C5A6A4 /* Build configuration list for PBXProject "Avia Tickets" */ = {
			isa = XCConfigurationList;
			buildConfigurations = (
				7AA5FDA12598AA3000C5A6A4 /* Debug */,
				7AA5FDA22598AA3000C5A6A4 /* Release */,
			);
			defaultConfigurationIsVisible = 0;
			defaultConfigurationName = Release;
		};
		7AA5FDA32598AA3000C5A6A4 /* Build configuration list for PBXNativeTarget "Avia Tickets" */ = {
			isa = XCConfigurationList;
			buildConfigurations = (
				7AA5FDA42598AA3000C5A6A4 /* Debug */,
				7AA5FDA52598AA3000C5A6A4 /* Release */,
			);
			defaultConfigurationIsVisible = 0;
			defaultConfigurationName = Release;
		};
/* End XCConfigurationList section */

/* Begin XCVersionGroup section */
		7A1CCC1525C0BDA300D31230 /* Tickets.xcdatamodeld */ = {
			isa = XCVersionGroup;
			children = (
				7A1CCC1625C0BDA300D31230 /* Tickets.xcdatamodel */,
			);
			currentVersion = 7A1CCC1625C0BDA300D31230 /* Tickets.xcdatamodel */;
			path = Tickets.xcdatamodeld;
			sourceTree = "<group>";
			versionGroupType = wrapper.xcdatamodel;
		};
/* End XCVersionGroup section */
	};
	rootObject = 7AA5FD822598AA3000C5A6A4 /* Project object */;
}
